
Microsoft Visual Studio Solution File, Format Version 12.00
# Visual Studio Version 16
VisualStudioVersion = 16.0.30413.136
MinimumVisualStudioVersion = 10.0.40219.1
Project("{9A19103F-16F7-4668-BE54-9A1E7A4F7556}") = "Pharmacy.Api", "Pharmacy.Api\Pharmacy.Api.csproj", "{2F082346-260A-46D0-A2F9-F58F3D7D9AC9}"
EndProject
Project("{9A19103F-16F7-4668-BE54-9A1E7A4F7556}") = "Pharmacty.Api.Tests", "Pharmacty.Api.Tests\Pharmacty.Api.Tests.csproj", "{5CCA6D79-7080-45DB-A59F-08520AB666F5}"
EndProject
Global
	GlobalSection(SolutionConfigurationPlatforms) = preSolution
		Debug|Any CPU = Debug|Any CPU
		Release|Any CPU = Release|Any CPU
	EndGlobalSection
	GlobalSection(ProjectConfigurationPlatforms) = postSolution
		{2F082346-260A-46D0-A2F9-F58F3D7D9AC9}.Debug|Any CPU.ActiveCfg = Debug|Any CPU
		{2F082346-260A-46D0-A2F9-F58F3D7D9AC9}.Debug|Any CPU.Build.0 = Debug|Any CPU
		{2F082346-260A-46D0-A2F9-F58F3D7D9AC9}.Release|Any CPU.ActiveCfg = Release|Any CPU
		{2F082346-260A-46D0-A2F9-F58F3D7D9AC9}.Release|Any CPU.Build.0 = Release|Any CPU
		{5CCA6D79-7080-45DB-A59F-08520AB666F5}.Debug|Any CPU.ActiveCfg = Debug|Any CPU
		{5CCA6D79-7080-45DB-A59F-08520AB666F5}.Debug|Any CPU.Build.0 = Debug|Any CPU
		{5CCA6D79-7080-45DB-A59F-08520AB666F5}.Release|Any CPU.ActiveCfg = Release|Any CPU
		{5CCA6D79-7080-45DB-A59F-08520AB666F5}.Release|Any CPU.Build.0 = Release|Any CPU
	EndGlobalSection
	GlobalSection(SolutionProperties) = preSolution
		HideSolutionNode = FALSE
	EndGlobalSection
	GlobalSection(ExtensibilityGlobals) = postSolution
		SolutionGuid = {C067E35C-97A5-403E-8830-0558352223A3}
	EndGlobalSection
EndGlobal
